 {
   "name": "arbibase-portal",
   "version": "1.0.0",
   "lockfileVersion": 3,
   "requires": true,
   "packages": {
     "": {
       "name": "arbibase-portal",
       "dependencies": {
         "next": "14.2.5",
         "react": "18.3.1",
         "react-dom": "18.3.1",
         "@supabase/supabase-js": "^2.74.0",
         "clsx": "^2.1.1"
       },
       "devDependencies": {
         "@types/node": "^20.12.7",
         "@types/react": "^18.2.66",
         "@types/react-dom": "^18.2.22",
         "typescript": "^5.4.5"
       },
       "engines": {
         "node": ">=18"
       }
     },
     "node_modules/@next/env": {
       "version": "14.2.5",
       "resolved": "https://registry.npmjs.org/@next/env/-/env-14.2.5.tgz",
       "integrity": "sha512-/zZGkrTOsraVfYjGP8uM0p6r0BDT6xWpkjdVbcz66PJVSpwXX3yNiRycxAuDfBKGWBrZBXRuK/YVlkNgxHGwmA==",
       "license": "MIT"
     },
     "node_modules/@next/swc-darwin-arm64": {
       "version": "14.2.5",
       "resolved": "https://registry.npmjs.org/@next/swc-darwin-arm64/-/swc-darwin-arm64-14.2.5.tgz",
       "integrity": "sha512-/9zVxJ+K9lrzSGli1///ujyRfon/ZneeZ+v4ptpiPoOU+GKZnm8Wj8ELWU1Pm7GHltYRBklmXMTUqM/DqQ99FQ==",
       "cpu": [
         "arm64"
       ],
       "license": "MIT",
       "optional": true,
       "os": [
         "darwin"
       ],
           "engines": {}
         }
       }
     }
